// !$*UTF8*$!
{
	archiveVersion = 1;
	classes = {
	};
	objectVersion = 77;
	objects = {

/* Begin PBXBuildFile section */
		E07363792E2679EF0087BCD0 /* Alamofire in Frameworks */ = {isa = PBXBuildFile; productRef = E07363782E2679EF0087BCD0 /* Alamofire */; };
		E073637E2E267E940087BCD0 /* SDWebImage in Frameworks */ = {isa = PBXBuildFile; productRef = E073637D2E267E940087BCD0 /* SDWebImage */; };
		E07363802E267E940087BCD0 /* SDWebImageMapKit in Frameworks */ = {isa = PBXBuildFile; productRef = E073637F2E267E940087BCD0 /* SDWebImageMapKit */; };
		E07363D22E2688660087BCD0 /* Alamofire in Frameworks */ = {isa = PBXBuildFile; productRef = E07363D12E2688660087BCD0 /* Alamofire */; };
/* End PBXBuildFile section */

/* Begin PBXContainerItemProxy section */
		E07362F82E266ABE0087BCD0 /* PBXContainerItemProxy */ = {
			isa = PBXContainerItemProxy;
			containerPortal = E07362D92E266ABC0087BCD0 /* Project object */;
			proxyType = 1;
			remoteGlobalIDString = E07362E02E266ABC0087BCD0;
			remoteInfo = TheMoviesApp;
		};
		E07363022E266ABE0087BCD0 /* PBXContainerItemProxy */ = {
			isa = PBXContainerItemProxy;
			containerPortal = E07362D92E266ABC0087BCD0 /* Project object */;
			proxyType = 1;
			remoteGlobalIDString = E07362E02E266ABC0087BCD0;
			remoteInfo = TheMoviesApp;
		};
/* End PBXContainerItemProxy section */

/* Begin PBXFileReference section */
		E07362E12E266ABC0087BCD0 /* TheMoviesApp.app */ = {isa = PBXFileReference; explicitFileType = wrapper.application; includeInIndex = 0; path = TheMoviesApp.app; sourceTree = BUILT_PRODUCTS_DIR; };
		E07362F72E266ABE0087BCD0 /* TheMoviesAppTests.xctest */ = {isa = PBXFileReference; explicitFileType = wrapper.cfbundle; includeInIndex = 0; path = TheMoviesAppTests.xctest; sourceTree = BUILT_PRODUCTS_DIR; };
		E07363012E266ABE0087BCD0 /* TheMoviesAppUITests.xctest */ = {isa = PBXFileReference; explicitFileType = wrapper.cfbundle; includeInIndex = 0; path = TheMoviesAppUITests.xctest; sourceTree = BUILT_PRODUCTS_DIR; };
/* End PBXFileReference section */

/* Begin PBXFileSystemSynchronizedBuildFileExceptionSet section */
		E07363092E266ABE0087BCD0 /* Exceptions for "TheMoviesApp" folder in "TheMoviesApp" target */ = {
			isa = PBXFileSystemSynchronizedBuildFileExceptionSet;
			membershipExceptions = (
				Info.plist,
			);
			target = E07362E02E266ABC0087BCD0 /* TheMoviesApp */;
		};
/* End PBXFileSystemSynchronizedBuildFileExceptionSet section */

/* Begin PBXFileSystemSynchronizedRootGroup section */
		E07362E32E266ABC0087BCD0 /* TheMoviesApp */ = {
			isa = PBXFileSystemSynchronizedRootGroup;
			exceptions = (
				E07363092E266ABE0087BCD0 /* Exceptions for "TheMoviesApp" folder in "TheMoviesApp" target */,
			);
			path = TheMoviesApp;
			sourceTree = "<group>";
		};
		E07362FA2E266ABE0087BCD0 /* TheMoviesAppTests */ = {
			isa = PBXFileSystemSynchronizedRootGroup;
			path = TheMoviesAppTests;
			sourceTree = "<group>";
		};
		E07363042E266ABE0087BCD0 /* TheMoviesAppUITests */ = {
			isa = PBXFileSystemSynchronizedRootGroup;
			path = TheMoviesAppUITests;
			sourceTree = "<group>";
		};
/* End PBXFileSystemSynchronizedRootGroup section */

/* Begin PBXFrameworksBuildPhase section */
		E07362DE2E266ABC0087BCD0 /* Frameworks */ = {
			isa = PBXFrameworksBuildPhase;
			buildActionMask = 2147483647;
			files = (
				E073637E2E267E940087BCD0 /* SDWebImage in Frameworks */,
				E07363792E2679EF0087BCD0 /* Alamofire in Frameworks */,
				E07363802E267E940087BCD0 /* SDWebImageMapKit in Frameworks */,
			);
			runOnlyForDeploymentPostprocessing = 0;
		};
		E07362F42E266ABE0087BCD0 /* Frameworks */ = {
			isa = PBXFrameworksBuildPhase;
			buildActionMask = 2147483647;
			files = (
				E07363D22E2688660087BCD0 /* Alamofire in Frameworks */,
			);
			runOnlyForDeploymentPostprocessing = 0;
		};
		E07362FE2E266ABE0087BCD0 /* Frameworks */ = {
			isa = PBXFrameworksBuildPhase;
			buildActionMask = 2147483647;
			files = (
			);
			runOnlyForDeploymentPostprocessing = 0;
		};
/* End PBXFrameworksBuildPhase section */

/* Begin PBXGroup section */
		E07362D82E266ABC0087BCD0 = {
			isa = PBXGroup;
			children = (
				E07362E32E266ABC0087BCD0 /* TheMoviesApp */,
				E07362FA2E266ABE0087BCD0 /* TheMoviesAppTests */,
				E07363042E266ABE0087BCD0 /* TheMoviesAppUITests */,
				E07362E22E266ABC0087BCD0 /* Products */,
			);
			sourceTree = "<group>";
		};
		E07362E22E266ABC0087BCD0 /* Products */ = {
			isa = PBXGroup;
			children = (
				E07362E12E266ABC0087BCD0 /* TheMoviesApp.app */,
				E07362F72E266ABE0087BCD0 /* TheMoviesAppTests.xctest */,
				E07363012E266ABE0087BCD0 /* TheMoviesAppUITests.xctest */,
			);
			name = Products;
			sourceTree = "<group>";
		};
/* End PBXGroup section */

/* Begin PBXNativeTarget section */
		E07362E02E266ABC0087BCD0 /* TheMoviesApp */ = {
			isa = PBXNativeTarget;
			buildConfigurationList = E073630A2E266ABE0087BCD0 /* Build configuration list for PBXNativeTarget "TheMoviesApp" */;
			buildPhases = (
				E07362DD2E266ABC0087BCD0 /* Sources */,
				E07362DE2E266ABC0087BCD0 /* Frameworks */,
				E07362DF2E266ABC0087BCD0 /* Resources */,
			);
			buildRules = (
			);
			dependencies = (
			);
			fileSystemSynchronizedGroups = (
				E07362E32E266ABC0087BCD0 /* TheMoviesApp */,
			);
			name = TheMoviesApp;
			packageProductDependencies = (
				E07363782E2679EF0087BCD0 /* Alamofire */,
				E073637D2E267E940087BCD0 /* SDWebImage */,
				E073637F2E267E940087BCD0 /* SDWebImageMapKit */,
			);
			productName = TheMoviesApp;
			productReference = E07362E12E266ABC0087BCD0 /* TheMoviesApp.app */;
			productType = "com.apple.product-type.application";
		};
		E07362F62E266ABE0087BCD0 /* TheMoviesAppTests */ = {
			isa = PBXNativeTarget;
			buildConfigurationList = E073630F2E266ABE0087BCD0 /* Build configuration list for PBXNativeTarget "TheMoviesAppTests" */;
			buildPhases = (
				E07362F32E266ABE0087BCD0 /* Sources */,
				E07362F42E266ABE0087BCD0 /* Frameworks */,
				E07362F52E266ABE0087BCD0 /* Resources */,
			);
			buildRules = (
			);
			dependencies = (
				E07362F92E266ABE0087BCD0 /* PBXTargetDependency */,
			);
			fileSystemSynchronizedGroups = (
				E07362FA2E266ABE0087BCD0 /* TheMoviesAppTests */,
			);
			name = TheMoviesAppTests;
			packageProductDependencies = (
				E07363D12E2688660087BCD0 /* Alamofire */,
			);
			productName = TheMoviesAppTests;
			productReference = E07362F72E266ABE0087BCD0 /* TheMoviesAppTests.xctest */;
			productType = "com.apple.product-type.bundle.unit-test";
		};
		E07363002E266ABE0087BCD0 /* TheMoviesAppUITests */ = {
			isa = PBXNativeTarget;
			buildConfigurationList = E07363122E266ABE0087BCD0 /* Build configuration list for PBXNativeTarget "TheMoviesAppUITests" */;
			buildPhases = (
				E07362FD2E266ABE0087BCD0 /* Sources */,
				E07362FE2E266ABE0087BCD0 /* Frameworks */,
				E07362FF2E266ABE0087BCD0 /* Resources */,
			);
			buildRules = (
			);
			dependencies = (
				E07363032E266ABE0087BCD0 /* PBXTargetDependency */,
			);
			fileSystemSynchronizedGroups = (
				E07363042E266ABE0087BCD0 /* TheMoviesAppUITests */,
			);
			name = TheMoviesAppUITests;
			packageProductDependencies = (
			);
			productName = TheMoviesAppUITests;
			productReference = E07363012E266ABE0087BCD0 /* TheMoviesAppUITests.xctest */;
			productType = "com.apple.product-type.bundle.ui-testing";
		};
/* End PBXNativeTarget section */

/* Begin PBXProject section */
		E07362D92E266ABC0087BCD0 /* Project object */ = {
			isa = PBXProject;
			attributes = {
				BuildIndependentTargetsInParallel = 1;
				LastSwiftUpdateCheck = 1630;
				LastUpgradeCheck = 1630;
				TargetAttributes = {
					E07362E02E266ABC0087BCD0 = {
						CreatedOnToolsVersion = 16.3;
					};
					E07362F62E266ABE0087BCD0 = {
						CreatedOnToolsVersion = 16.3;
						TestTargetID = E07362E02E266ABC0087BCD0;
					};
					E07363002E266ABE0087BCD0 = {
						CreatedOnToolsVersion = 16.3;
						TestTargetID = E07362E02E266ABC0087BCD0;
					};
				};
			};
			buildConfigurationList = E07362DC2E266ABC0087BCD0 /* Build configuration list for PBXProject "TheMoviesApp" */;
			developmentRegion = en;
			hasScannedForEncodings = 0;
			knownRegions = (
				en,
				Base,
			);
			mainGroup = E07362D82E266ABC0087BCD0;
			minimizedProjectReferenceProxies = 1;
			packageReferences = (
				E07363772E2679EF0087BCD0 /* XCRemoteSwiftPackageReference "Alamofire" */,
				E073637C2E267E940087BCD0 /* XCRemoteSwiftPackageReference "SDWebImage" */,
			);
			preferredProjectObjectVersion = 77;
			productRefGroup = E07362E22E266ABC0087BCD0 /* Products */;
			projectDirPath = "";
			projectRoot = "";
			targets = (
				E07362E02E266ABC0087BCD0 /* TheMoviesApp */,
				E07362F62E266ABE0087BCD0 /* TheMoviesAppTests */,
				E07363002E266ABE0087BCD0 /* TheMoviesAppUITests */,
			);
		};
/* End PBXProject section */

/* Begin PBXResourcesBuildPhase section */
		E07362DF2E266ABC0087BCD0 /* Resources */ = {
			isa = PBXResourcesBuildPhase;
			buildActionMask = 2147483647;
			files = (
			);
			runOnlyForDeploymentPostprocessing = 0;
		};
		E07362F52E266ABE0087BCD0 /* Resources */ = {
			isa = PBXResourcesBuildPhase;
			buildActionMask = 2147483647;
			files = (
			);
			runOnlyForDeploymentPostprocessing = 0;
		};
		E07362FF2E266ABE0087BCD0 /* Resources */ = {
			isa = PBXResourcesBuildPhase;
			buildActionMask = 2147483647;
			files = (
			);
			runOnlyForDeploymentPostprocessing = 0;
		};
/* End PBXResourcesBuildPhase section */

/* Begin PBXSourcesBuildPhase section */
		E07362DD2E266ABC0087BCD0 /* Sources */ = {
			isa = PBXSourcesBuildPhase;
			buildActionMask = 2147483647;
			files = (
			);
			runOnlyForDeploymentPostprocessing = 0;
		};
		E07362F32E266ABE0087BCD0 /* Sources */ = {
			isa = PBXSourcesBuildPhase;
			buildActionMask = 2147483647;
			files = (
			);
			runOnlyForDeploymentPostprocessing = 0;
		};
		E07362FD2E266ABE0087BCD0 /* Sources */ = {
			isa = PBXSourcesBuildPhase;
			buildActionMask = 2147483647;
			files = (
			);
			runOnlyForDeploymentPostprocessing = 0;
		};
/* End PBXSourcesBuildPhase section */

/* Begin PBXTargetDependency section */
		E07362F92E266ABE0087BCD0 /* PBXTargetDependency */ = {
			isa = PBXTargetDependency;
			target = E07362E02E266ABC0087BCD0 /* TheMoviesApp */;
			targetProxy = E07362F82E266ABE0087BCD0 /* PBXContainerItemProxy */;
		};
		E07363032E266ABE0087BCD0 /* PBXTargetDependency */ = {
			isa = PBXTargetDependency;
			target = E07362E02E266ABC0087BCD0 /* TheMoviesApp */;
			targetProxy = E07363022E266ABE0087BCD0 /* PBXContainerItemProxy */;
		};
/* End PBXTargetDependency section */

/* Begin XCBuildConfiguration section */
		E073630B2E266ABE0087BCD0 /* Debug */ = {
			isa = XCBuildConfiguration;
			buildSettings = {
				ASSETCATALOG_COMPILER_APPICON_NAME = AppIcon;
				ASSETCATALOG_COMPILER_GLOBAL_ACCENT_COLOR_NAME = AccentColor;
				CODE_SIGN_STYLE = Automatic;
				CURRENT_PROJECT_VERSION = 1;
				GENERATE_INFOPLIST_FILE = YES;
				INFOPLIST_FILE = TheMoviesApp/Info.plist;
				INFOPLIST_KEY_UIApplicationSupportsIndirectInputEvents = YES;
				INFOPLIST_KEY_UILaunchStoryboardName = LaunchScreen;
				INFOPLIST_KEY_UIMainStoryboardFile = Main;
				INFOPLIST_KEY_UISupportedInterfaceOrientations_iPad = "UIInterfaceOrientationPortrait UIInterfaceOrientationPortraitUpsideDown UIInterfaceOrientationLandscapeLeft UIInterfaceOrientationLandscapeRight";
				INFOPLIST_KEY_UISupportedInterfaceOrientations_iPhone = "UIInterfaceOrientationPortrait UIInterfaceOrientationLandscapeLeft UIInterfaceOrientationLandscapeRight";
				IPHONEOS_DEPLOYMENT_TARGET = 14.0;
				LD_RUNPATH_SEARCH_PATHS = (
					"$(inherited)",
					"@executable_path/Frameworks",
				);
				MARKETING_VERSION = 1.0;
				PRODUCT_BUNDLE_IDENTIFIER = com.moviesApp.TheMoviesApp;
				PRODUCT_NAME = "$(TARGET_NAME)";
				SWIFT_EMIT_LOC_STRINGS = YES;
				SWIFT_VERSION = 5.0;
				TARGETED_DEVICE_FAMILY = "1,2";
			};
			name = Debug;
		};
		E073630C2E266ABE0087BCD0 /* Release */ = {
			isa = XCBuildConfiguration;
			buildSettings = {
				ASSETCATALOG_COMPILER_APPICON_NAME = AppIcon;
				ASSETCATALOG_COMPILER_GLOBAL_ACCENT_COLOR_NAME = AccentColor;
				CODE_SIGN_STYLE = Automatic;
				CURRENT_PROJECT_VERSION = 1;
				GENERATE_INFOPLIST_FILE = YES;
				INFOPLIST_FILE = TheMoviesApp/Info.plist;
				INFOPLIST_KEY_UIApplicationSupportsIndirectInputEvents = YES;
				INFOPLIST_KEY_UILaunchStoryboardName = LaunchScreen;
				INFOPLIST_KEY_UIMainStoryboardFile = Main;
				INFOPLIST_KEY_UISupportedInterfaceOrientations_iPad = "UIInterfaceOrientationPortrait UIInterfaceOrientationPortraitUpsideDown UIInterfaceOrientationLandscapeLeft UIInterfaceOrientationLandscapeRight";
				INFOPLIST_KEY_UISupportedInterfaceOrientations_iPhone = "UIInterfaceOrientationPortrait UIInterfaceOrientationLandscapeLeft UIInterfaceOrientationLandscapeRight";
				IPHONEOS_DEPLOYMENT_TARGET = 14.0;
				LD_RUNPATH_SEARCH_PATHS = (
					"$(inherited)",
					"@executable_path/Frameworks",
				);
				MARKETING_VERSION = 1.0;
				PRODUCT_BUNDLE_IDENTIFIER = com.moviesApp.TheMoviesApp;
				PRODUCT_NAME = "$(TARGET_NAME)";
				SWIFT_EMIT_LOC_STRINGS = YES;
				SWIFT_VERSION = 5.0;
				TARGETED_DEVICE_FAMILY = "1,2";
			};
			name = Release;
		};
		E073630D2E266ABE0087BCD0 /* Debug */ = {
			isa = XCBuildConfiguration;
			buildSettings = {
				ALWAYS_SEARCH_USER_PATHS = NO;
				ASSETCATALOG_COMPILER_GENERATE_SWIFT_ASSET_SYMBOL_EXTENSIONS = YES;
				CLANG_ANALYZER_NONNULL = YES;
				CLANG_ANALYZER_NUMBER_OBJECT_CONVERSION = YES_AGGRESSIVE;
				CLANG_CXX_LANGUAGE_STANDARD = "gnu++20";
				CLANG_ENABLE_MODULES = YES;
				CLANG_ENABLE_OBJC_ARC = YES;
				CLANG_ENABLE_OBJC_WEAK = YES;
				CLANG_WARN_BLOCK_CAPTURE_AUTORELEASING = YES;
				CLANG_WARN_BOOL_CONVERSION = YES;
				CLANG_WARN_COMMA = YES;
				CLANG_WARN_CONSTANT_CONVERSION = YES;
				CLANG_WARN_DEPRECATED_OBJC_IMPLEMENTATIONS = YES;
				CLANG_WARN_DIRECT_OBJC_ISA_USAGE = YES_ERROR;
				CLANG_WARN_DOCUMENTATION_COMMENTS = YES;
				CLANG_WARN_EMPTY_BODY = YES;
				CLANG_WARN_ENUM_CONVERSION = YES;
				CLANG_WARN_INFINITE_RECURSION = YES;
				CLANG_WARN_INT_CONVERSION = YES;
				CLANG_WARN_NON_LITERAL_NULL_CONVERSION = YES;
				CLANG_WARN_OBJC_IMPLICIT_RETAIN_SELF = YES;
				CLANG_WARN_OBJC_LITERAL_CONVERSION = YES;
				CLANG_WARN_OBJC_ROOT_CLASS = YES_ERROR;
				CLANG_WARN_QUOTED_INCLUDE_IN_FRAMEWORK_HEADER = YES;
				CLANG_WARN_RANGE_LOOP_ANALYSIS = YES;
				CLANG_WARN_STRICT_PROTOTYPES = YES;
				CLANG_WARN_SUSPICIOUS_MOVE = YES;
				CLANG_WARN_UNGUARDED_AVAILABILITY = YES_AGGRESSIVE;
				CLANG_WARN_UNREACHABLE_CODE = YES;
				CLANG_WARN__DUPLICATE_METHOD_MATCH = YES;
				COPY_PHASE_STRIP = NO;
				DEBUG_INFORMATION_FORMAT = dwarf;
				ENABLE_STRICT_OBJC_MSGSEND = YES;
				ENABLE_TESTABILITY = YES;
				ENABLE_USER_SCRIPT_SANDBOXING = YES;
				GCC_C_LANGUAGE_STANDARD = gnu17;
				GCC_DYNAMIC_NO_PIC = NO;
				GCC_NO_COMMON_BLOCKS = YES;
				GCC_OPTIMIZATION_LEVEL = 0;
				GCC_PREPROCESSOR_DEFINITIONS = (
					"DEBUG=1",
					"$(inherited)",
				);
				GCC_WARN_64_TO_32_BIT_CONVERSION = YES;
				GCC_WARN_ABOUT_RETURN_TYPE = YES_ERROR;
				GCC_WARN_UNDECLARED_SELECTOR = YES;
				GCC_WARN_UNINITIALIZED_AUTOS = YES_AGGRESSIVE;
				GCC_WARN_UNUSED_FUNCTION = YES;
				GCC_WARN_UNUSED_VARIABLE = YES;
				IPHONEOS_DEPLOYMENT_TARGET = 18.4;
				LOCALIZATION_PREFERS_STRING_CATALOGS = YES;
				MTL_ENABLE_DEBUG_INFO = INCLUDE_SOURCE;
				MTL_FAST_MATH = YES;
				ONLY_ACTIVE_ARCH = YES;
				SDKROOT = iphoneos;
				SWIFT_ACTIVE_COMPILATION_CONDITIONS = "DEBUG $(inherited)";
				SWIFT_OPTIMIZATION_LEVEL = "-Onone";
			};
			name = Debug;
		};
		E073630E2E266ABE0087BCD0 /* Release */ = {
			isa = XCBuildConfiguration;
			buildSettings = {
				ALWAYS_SEARCH_USER_PATHS = NO;
				ASSETCATALOG_COMPILER_GENERATE_SWIFT_ASSET_SYMBOL_EXTENSIONS = YES;
				CLANG_ANALYZER_NONNULL = YES;
				CLANG_ANALYZER_NUMBER_OBJECT_CONVERSION = YES_AGGRESSIVE;
				CLANG_CXX_LANGUAGE_STANDARD = "gnu++20";
				CLANG_ENABLE_MODULES = YES;
				CLANG_ENABLE_OBJC_ARC = YES;
				CLANG_ENABLE_OBJC_WEAK = YES;
				CLANG_WARN_BLOCK_CAPTURE_AUTORELEASING = YES;
				CLANG_WARN_BOOL_CONVERSION = YES;
				CLANG_WARN_COMMA = YES;
				CLANG_WARN_CONSTANT_CONVERSION = YES;
				CLANG_WARN_DEPRECATED_OBJC_IMPLEMENTATIONS = YES;
				CLANG_WARN_DIRECT_OBJC_ISA_USAGE = YES_ERROR;
				CLANG_WARN_DOCUMENTATION_COMMENTS = YES;
				CLANG_WARN_EMPTY_BODY = YES;
				CLANG_WARN_ENUM_CONVERSION = YES;
				CLANG_WARN_INFINITE_RECURSION = YES;
				CLANG_WARN_INT_CONVERSION = YES;
				CLANG_WARN_NON_LITERAL_NULL_CONVERSION = YES;
				CLANG_WARN_OBJC_IMPLICIT_RETAIN_SELF = YES;
				CLANG_WARN_OBJC_LITERAL_CONVERSION = YES;
				CLANG_WARN_OBJC_ROOT_CLASS = YES_ERROR;
				CLANG_WARN_QUOTED_INCLUDE_IN_FRAMEWORK_HEADER = YES;
				CLANG_WARN_RANGE_LOOP_ANALYSIS = YES;
				CLANG_WARN_STRICT_PROTOTYPES = YES;
				CLANG_WARN_SUSPICIOUS_MOVE = YES;
				CLANG_WARN_UNGUARDED_AVAILABILITY = YES_AGGRESSIVE;
				CLANG_WARN_UNREACHABLE_CODE = YES;
				CLANG_WARN__DUPLICATE_METHOD_MATCH = YES;
				COPY_PHASE_STRIP = NO;
				DEBUG_INFORMATION_FORMAT = "dwarf-with-dsym";
				ENABLE_NS_ASSERTIONS = NO;
				ENABLE_STRICT_OBJC_MSGSEND = YES;
				ENABLE_USER_SCRIPT_SANDBOXING = YES;
				GCC_C_LANGUAGE_STANDARD = gnu17;
				GCC_NO_COMMON_BLOCKS = YES;
				GCC_WARN_64_TO_32_BIT_CONVERSION = YES;
				GCC_WARN_ABOUT_RETURN_TYPE = YES_ERROR;
				GCC_WARN_UNDECLARED_SELECTOR = YES;
				GCC_WARN_UNINITIALIZED_AUTOS = YES_AGGRESSIVE;
				GCC_WARN_UNUSED_FUNCTION = YES;
				GCC_WARN_UNUSED_VARIABLE = YES;
				IPHONEOS_DEPLOYMENT_TARGET = 18.4;
				LOCALIZATION_PREFERS_STRING_CATALOGS = YES;
				MTL_ENABLE_DEBUG_INFO = NO;
				MTL_FAST_MATH = YES;
				SDKROOT = iphoneos;
				SWIFT_COMPILATION_MODE = wholemodule;
				VALIDATE_PRODUCT = YES;
			};
			name = Release;
		};
		E07363102E266ABE0087BCD0 /* Debug */ = {
			isa = XCBuildConfiguration;
			buildSettings = {
				BUNDLE_LOADER = "$(TEST_HOST)";
				CODE_SIGN_STYLE = Automatic;
				CURRENT_PROJECT_VERSION = 1;
				GENERATE_INFOPLIST_FILE = YES;
				IPHONEOS_DEPLOYMENT_TARGET = 18.4;
				MARKETING_VERSION = 1.0;
				PRODUCT_BUNDLE_IDENTIFIER = com.moviesApp.TheMoviesAppTests;
				PRODUCT_NAME = "$(TARGET_NAME)";
				SWIFT_EMIT_LOC_STRINGS = NO;
				SWIFT_VERSION = 5.0;
				TARGETED_DEVICE_FAMILY = "1,2";
				TEST_HOST = "$(BUILT_PRODUCTS_DIR)/TheMoviesApp.app/$(BUNDLE_EXECUTABLE_FOLDER_PATH)/TheMoviesApp";
			};
			name = Debug;
		};
		E07363112E266ABE0087BCD0 /* Release */ = {
			isa = XCBuildConfiguration;
			buildSettings = {
				BUNDLE_LOADER = "$(TEST_HOST)";
				CODE_SIGN_STYLE = Automatic;
				CURRENT_PROJECT_VERSION = 1;
				GENERATE_INFOPLIST_FILE = YES;
				IPHONEOS_DEPLOYMENT_TARGET = 18.4;
				MARKETING_VERSION = 1.0;
				PRODUCT_BUNDLE_IDENTIFIER = com.moviesApp.TheMoviesAppTests;
				PRODUCT_NAME = "$(TARGET_NAME)";
				SWIFT_EMIT_LOC_STRINGS = NO;
				SWIFT_VERSION = 5.0;
				TARGETED_DEVICE_FAMILY = "1,2";
				TEST_HOST = "$(BUILT_PRODUCTS_DIR)/TheMoviesApp.app/$(BUNDLE_EXECUTABLE_FOLDER_PATH)/TheMoviesApp";
			};
			name = Release;
		};
		E07363132E266ABE0087BCD0 /* Debug */ = {
			isa = XCBuildConfiguration;
			buildSettings = {
				CODE_SIGN_STYLE = Automatic;
				CURRENT_PROJECT_VERSION = 1;
				GENERATE_INFOPLIST_FILE = YES;
				MARKETING_VERSION = 1.0;
				PRODUCT_BUNDLE_IDENTIFIER = com.moviesApp.TheMoviesAppUITests;
				PRODUCT_NAME = "$(TARGET_NAME)";
				SWIFT_EMIT_LOC_STRINGS = NO;
				SWIFT_VERSION = 5.0;
				TARGETED_DEVICE_FAMILY = "1,2";
				TEST_TARGET_NAME = TheMoviesApp;
			};
			name = Debug;
		};
		E07363142E266ABE0087BCD0 /* Release */ = {
			isa = XCBuildConfiguration;
			buildSettings = {
				CODE_SIGN_STYLE = Automatic;
				CURRENT_PROJECT_VERSION = 1;
				GENERATE_INFOPLIST_FILE = YES;
				MARKETING_VERSION = 1.0;
				PRODUCT_BUNDLE_IDENTIFIER = com.moviesApp.TheMoviesAppUITests;
				PRODUCT_NAME = "$(TARGET_NAME)";
				SWIFT_EMIT_LOC_STRINGS = NO;
				SWIFT_VERSION = 5.0;
				TARGETED_DEVICE_FAMILY = "1,2";
				TEST_TARGET_NAME = TheMoviesApp;
			};
			name = Release;
		};
/* End XCBuildConfiguration section */

/* Begin XCConfigurationList section */
		E07362DC2E266ABC0087BCD0 /* Build configuration list for PBXProject "TheMoviesApp" */ = {
			isa = XCConfigurationList;
			buildConfigurations = (
				E073630D2E266ABE0087BCD0 /* Debug */,
				E073630E2E266ABE0087BCD0 /* Release */,
			);
			defaultConfigurationIsVisible = 0;
			defaultConfigurationName = Release;
		};
		E073630A2E266ABE0087BCD0 /* Build configuration list for PBXNativeTarget "TheMoviesApp" */ = {
			isa = XCConfigurationList;
			buildConfigurations = (
				E073630B2E266ABE0087BCD0 /* Debug */,
				E073630C2E266ABE0087BCD0 /* Release */,
			);
			defaultConfigurationIsVisible = 0;
			defaultConfigurationName = Release;
		};
		E073630F2E266ABE0087BCD0 /* Build configuration list for PBXNativeTarget "TheMoviesAppTests" */ = {
			isa = XCConfigurationList;
			buildConfigurations = (
				E07363102E266ABE0087BCD0 /* Debug */,
				E07363112E266ABE0087BCD0 /* Release */,
			);
			defaultConfigurationIsVisible = 0;
			defaultConfigurationName = Release;
		};
		E07363122E266ABE0087BCD0 /* Build configuration list for PBXNativeTarget "TheMoviesAppUITests" */ = {
			isa = XCConfigurationList;
			buildConfigurations = (
				E07363132E266ABE0087BCD0 /* Debug */,
				E07363142E266ABE0087BCD0 /* Release */,
			);
			defaultConfigurationIsVisible = 0;
			defaultConfigurationName = Release;
		};
/* End XCConfigurationList section */

/* Begin XCRemoteSwiftPackageReference section */
		E07363772E2679EF0087BCD0 /* XCRemoteSwiftPackageReference "Alamofire" */ = {
			isa = XCRemoteSwiftPackageReference;
			repositoryURL = "https://github.com/Alamofire/Alamofire.git";
			requirement = {
				kind = upToNextMajorVersion;
				minimumVersion = 5.10.2;
			};
		};
		E073637C2E267E940087BCD0 /* XCRemoteSwiftPackageReference "SDWebImage" */ = {
			isa = XCRemoteSwiftPackageReference;
			repositoryURL = "https://github.com/SDWebImage/SDWebImage.git";
			requirement = {
				kind = upToNextMajorVersion;
				minimumVersion = 5.21.1;
			};
		};
/* End XCRemoteSwiftPackageReference section */

/* Begin XCSwiftPackageProductDependency section */
		E07363782E2679EF0087BCD0 /* Alamofire */ = {
			isa = XCSwiftPackageProductDependency;
			package = E07363772E2679EF0087BCD0 /* XCRemoteSwiftPackageReference "Alamofire" */;
			productName = Alamofire;
		};
		E073637D2E267E940087BCD0 /* SDWebImage */ = {
			isa = XCSwiftPackageProductDependency;
			package = E073637C2E267E940087BCD0 /* XCRemoteSwiftPackageReference "SDWebImage" */;
			productName = SDWebImage;
		};
		E073637F2E267E940087BCD0 /* SDWebImageMapKit */ = {
			isa = XCSwiftPackageProductDependency;
			package = E073637C2E267E940087BCD0 /* XCRemoteSwiftPackageReference "SDWebImage" */;
			productName = SDWebImageMapKit;
		};
		E07363D12E2688660087BCD0 /* Alamofire */ = {
			isa = XCSwiftPackageProductDependency;
			package = E07363772E2679EF0087BCD0 /* XCRemoteSwiftPackageReference "Alamofire" */;
			productName = Alamofire;
		};
/* End XCSwiftPackageProductDependency section */
	};
	rootObject = E07362D92E266ABC0087BCD0 /* Project object */;
}
